
Microsoft Visual Studio Solution File, Format Version 12.00
# Visual Studio Version 17
VisualStudioVersion = 17.5.33414.496
MinimumVisualStudioVersion = 10.0.40219.1
Project("{FAE04EC0-301F-11D3-BF4B-00C04F79EFBC}") = "PracticaMVC", "PracticaMVC\PracticaMVC.csproj", "{E399FB55-AA78-4750-9832-2ACDC7B61A47}"
EndProject
Global
	GlobalSection(SolutionConfigurationPlatforms) = preSolution
		Debug|Any CPU = Debug|Any CPU
		Release|Any CPU = Release|Any CPU
	EndGlobalSection
	GlobalSection(ProjectConfigurationPlatforms) = postSolution
		{E399FB55-AA78-4750-9832-2ACDC7B61A47}.Debug|Any CPU.ActiveCfg = Debug|Any CPU
		{E399FB55-AA78-4750-9832-2ACDC7B61A47}.Debug|Any CPU.Build.0 = Debug|Any CPU
		{E399FB55-AA78-4750-9832-2ACDC7B61A47}.Release|Any CPU.ActiveCfg = Release|Any CPU
		{E399FB55-AA78-4750-9832-2ACDC7B61A47}.Release|Any CPU.Build.0 = Release|Any CPU
	EndGlobalSection
	GlobalSection(SolutionProperties) = preSolution
		HideSolutionNode = FALSE
	EndGlobalSection
	GlobalSection(ExtensibilityGlobals) = postSolution
		SolutionGuid = {1B0914D3-C3AB-4BF2-84F4-CBC6ED161C24}
	EndGlobalSection
EndGlobal
